
Microsoft Visual Studio Solution File, Format Version 12.00
# Visual Studio Version 16
VisualStudioVersion = 16.0.30517.126
MinimumVisualStudioVersion = 10.0.40219.1
Project("{FAE04EC0-301F-11D3-BF4B-00C04F79EFBC}") = "BonusSystem", "BonusSystem\BonusSystem.csproj", "{48781BC0-056E-4254-8E77-8FCFF99C9218}"
EndProject
Global
	GlobalSection(SolutionConfigurationPlatforms) = preSolution
		Debug|Any CPU = Debug|Any CPU
		Release|Any CPU = Release|Any CPU
	EndGlobalSection
	GlobalSection(ProjectConfigurationPlatforms) = postSolution
		{48781BC0-056E-4254-8E77-8FCFF99C9218}.Debug|Any CPU.ActiveCfg = Debug|Any CPU
		{48781BC0-056E-4254-8E77-8FCFF99C9218}.Debug|Any CPU.Build.0 = Debug|Any CPU
		{48781BC0-056E-4254-8E77-8FCFF99C9218}.Release|Any CPU.ActiveCfg = Release|Any CPU
		{48781BC0-056E-4254-8E77-8FCFF99C9218}.Release|Any CPU.Build.0 = Release|Any CPU
	EndGlobalSection
	GlobalSection(SolutionProperties) = preSolution
		HideSolutionNode = FALSE
	EndGlobalSection
	GlobalSection(ExtensibilityGlobals) = postSolution
		SolutionGuid = {7B7743C7-0E5C-4549-98C1-3D5C13ECA40C}
	EndGlobalSection
EndGlobal
